
Microsoft Visual Studio Solution File, Format Version 12.00
# Visual Studio Version 17
VisualStudioVersion = 17.9.34701.34
MinimumVisualStudioVersion = 10.0.40219.1
Project("{FAE04EC0-301F-11D3-BF4B-00C04F79EFBC}") = "CS_Gas_Client_test", "CS_Gas_Client_test\CS_Gas_Client_test.csproj", "{BB49BD17-F513-436E-A6E0-FC61528A5D55}"
EndProject
Global
	GlobalSection(SolutionConfigurationPlatforms) = preSolution
		Debug|Any CPU = Debug|Any CPU
		Release|Any CPU = Release|Any CPU
	EndGlobalSection
	GlobalSection(ProjectConfigurationPlatforms) = postSolution
		{BB49BD17-F513-436E-A6E0-FC61528A5D55}.Debug|Any CPU.ActiveCfg = Debug|Any CPU
		{BB49BD17-F513-436E-A6E0-FC61528A5D55}.Debug|Any CPU.Build.0 = Debug|Any CPU
		{BB49BD17-F513-436E-A6E0-FC61528A5D55}.Release|Any CPU.ActiveCfg = Release|Any CPU
		{BB49BD17-F513-436E-A6E0-FC61528A5D55}.Release|Any CPU.Build.0 = Release|Any CPU
	EndGlobalSection
	GlobalSection(SolutionProperties) = preSolution
		HideSolutionNode = FALSE
	EndGlobalSection
	GlobalSection(ExtensibilityGlobals) = postSolution
		SolutionGuid = {51F5C70C-E028-4693-9678-D45FE29C6408}
	EndGlobalSection
EndGlobal
