
Microsoft Visual Studio Solution File, Format Version 12.00
# Visual Studio Version 17
VisualStudioVersion = 17.9.34701.34
MinimumVisualStudioVersion = 10.0.40219.1
Project("{FAE04EC0-301F-11D3-BF4B-00C04F79EFBC}") = "CS_Gas_Log", "CS_Gas_Log\CS_Gas_Log.csproj", "{5E211B96-F577-46FA-9581-BDA8CED5B48E}"
EndProject
Global
	GlobalSection(SolutionConfigurationPlatforms) = preSolution
		Debug|Any CPU = Debug|Any CPU
		Release|Any CPU = Release|Any CPU
	EndGlobalSection
	GlobalSection(ProjectConfigurationPlatforms) = postSolution
		{5E211B96-F577-46FA-9581-BDA8CED5B48E}.Debug|Any CPU.ActiveCfg = Debug|Any CPU
		{5E211B96-F577-46FA-9581-BDA8CED5B48E}.Debug|Any CPU.Build.0 = Debug|Any CPU
		{5E211B96-F577-46FA-9581-BDA8CED5B48E}.Release|Any CPU.ActiveCfg = Release|Any CPU
		{5E211B96-F577-46FA-9581-BDA8CED5B48E}.Release|Any CPU.Build.0 = Release|Any CPU
	EndGlobalSection
	GlobalSection(SolutionProperties) = preSolution
		HideSolutionNode = FALSE
	EndGlobalSection
	GlobalSection(ExtensibilityGlobals) = postSolution
		SolutionGuid = {1FDF9154-82A3-4C99-B39A-10544978833C}
	EndGlobalSection
EndGlobal
